{
  "name": "@kleinweb/seesaw",
  "lockfileVersion": 3,
  "requires": true,
  "packages": {
    "": {
      "name": "@kleinweb/seesaw",
      "license": "GPL-3.0-or-later",
      "workspaces": [
        "packages/*"
      ],
      "devDependencies": {
        "@types/node": "^22.7.5",
        "turbo": "latest",
        "typescript": "^5.9.3"
      }
    },
    "node_modules/@kleinweb/tsconfig": {
      "resolved": "packages/tsconfig",
      "link": true
    },
    "node_modules/@tsconfig/node-lts": {
      "version": "22.0.2",
      "resolved": "https://registry.npmjs.org/@tsconfig/node-lts/-/node-lts-22.0.2.tgz",
      "integrity": "sha512-Kgq5yXTvnUnvlhob0xJpOH4na9PWtuFhHSf94MpDwnENWgiFeJKDNANQV2MT1WpXZYkK2WSWfVYKhVkR7bc8TA==",
      "dev": true,
      "license": "MIT"
    },
    "node_modules/@tsconfig/node-ts": {
      "version": "23.6.1",
      "resolved": "https://registry.npmjs.org/@tsconfig/node-ts/-/node-ts-23.6.1.tgz",
      "integrity": "sha512-1E5cUp+S65pLKKI9VrGMQPWDHxOEq3dAGM2onG3fLeSRwWbylYFwhIjnzJikjSN7w2nCgwxmv8ifvUKDFkK38Q==",
      "dev": true,
      "license": "MIT"
    },
    "node_modules/@tsconfig/strictest": {
      "version": "2.0.6",
      "resolved": "https://registry.npmjs.org/@tsconfig/strictest/-/strictest-2.0.6.tgz",
      "integrity": "sha512-tPOhmDhIUcDjvpDDYyiUdssP84Eqm7n5KxJe5J3/g+s6xoDIPAf+SIn06dhw7VkhxIvLOnhDDrX7tsqMHNEhDg==",
      "dev": true,
      "license": "MIT"
    },
    "node_modules/@types/node": {
      "version": "22.18.8",
      "resolved": "https://registry.npmjs.org/@types/node/-/node-22.18.8.tgz",
      "integrity": "sha512-pAZSHMiagDR7cARo/cch1f3rXy0AEXwsVsVH09FcyeJVAzCnGgmYis7P3JidtTUjyadhTeSo8TgRPswstghDaw==",
      "dev": true,
      "license": "MIT",
      "dependencies": {
        "undici-types": "~6.21.0"
      }
    },
    "node_modules/turbo": {
      "version": "2.5.8",
      "resolved": "https://registry.npmjs.org/turbo/-/turbo-2.5.8.tgz",
      "integrity": "sha512-5c9Fdsr9qfpT3hA0EyYSFRZj1dVVsb6KIWubA9JBYZ/9ZEAijgUEae0BBR/Xl/wekt4w65/lYLTFaP3JmwSO8w==",
      "dev": true,
      "license": "MIT",
      "bin": {
        "turbo": "bin/turbo"
      },
      "optionalDependencies": {
        "turbo-darwin-64": "2.5.8",
        "turbo-darwin-arm64": "2.5.8",
        "turbo-linux-64": "2.5.8",
        "turbo-linux-arm64": "2.5.8",
        "turbo-windows-64": "2.5.8",
        "turbo-windows-arm64": "2.5.8"
      }
    },
    "node_modules/turbo-darwin-64": {
      "version": "2.5.8",
      "resolved": "https://registry.npmjs.org/turbo-darwin-64/-/turbo-darwin-64-2.5.8.tgz",
      "integrity": "sha512-Dh5bCACiHO8rUXZLpKw+m3FiHtAp2CkanSyJre+SInEvEr5kIxjGvCK/8MFX8SFRjQuhjtvpIvYYZJB4AGCxNQ==",
      "cpu": [
        "x64"
      ],
      "dev": true,
      "license": "MIT",
      "optional": true,
      "os": [
        "darwin"
      ]
    },
    "node_modules/turbo-darwin-arm64": {
      "version": "2.5.8",
      "resolved": "https://registry.npmjs.org/turbo-darwin-arm64/-/turbo-darwin-arm64-2.5.8.tgz",
      "integrity": "sha512-f1H/tQC9px7+hmXn6Kx/w8Jd/FneIUnvLlcI/7RGHunxfOkKJKvsoiNzySkoHQ8uq1pJnhJ0xNGTlYM48ZaJOQ==",
      "cpu": [
        "arm64"
      ],
      "dev": true,
      "license": "MIT",
      "optional": true,
      "os": [
        "darwin"
      ]
    },
    "node_modules/turbo-linux-64": {
      "version": "2.5.8",
      "resolved": "https://registry.npmjs.org/turbo-linux-64/-/turbo-linux-64-2.5.8.tgz",
      "integrity": "sha512-hMyvc7w7yadBlZBGl/bnR6O+dJTx3XkTeyTTH4zEjERO6ChEs0SrN8jTFj1lueNXKIHh1SnALmy6VctKMGnWfw==",
      "cpu": [
        "x64"
      ],
      "dev": true,
      "license": "MIT",
      "optional": true,
      "os": [
        "linux"
      ]
    },
    "node_modules/turbo-linux-arm64": {
      "version": "2.5.8",
      "resolved": "https://registry.npmjs.org/turbo-linux-arm64/-/turbo-linux-arm64-2.5.8.tgz",
      "integrity": "sha512-LQELGa7bAqV2f+3rTMRPnj5G/OHAe2U+0N9BwsZvfMvHSUbsQ3bBMWdSQaYNicok7wOZcHjz2TkESn1hYK6xIQ==",
      "cpu": [
        "arm64"
      ],
      "dev": true,
      "license": "MIT",
      "optional": true,
      "os": [
        "linux"
      ]
    },
    "node_modules/turbo-windows-64": {
      "version": "2.5.8",
      "resolved": "https://registry.npmjs.org/turbo-windows-64/-/turbo-windows-64-2.5.8.tgz",
      "integrity": "sha512-3YdcaW34TrN1AWwqgYL9gUqmZsMT4T7g8Y5Azz+uwwEJW+4sgcJkIi9pYFyU4ZBSjBvkfuPZkGgfStir5BBDJQ==",
      "cpu": [
        "x64"
      ],
      "dev": true,
      "license": "MIT",
      "optional": true,
      "os": [
        "win32"
      ]
    },
    "node_modules/turbo-windows-arm64": {
      "version": "2.5.8",
      "resolved": "https://registry.npmjs.org/turbo-windows-arm64/-/turbo-windows-arm64-2.5.8.tgz",
      "integrity": "sha512-eFC5XzLmgXJfnAK3UMTmVECCwuBcORrWdewoiXBnUm934DY6QN8YowC/srhNnROMpaKaqNeRpoB5FxCww3eteQ==",
      "cpu": [
        "arm64"
      ],
      "dev": true,
      "license": "MIT",
      "optional": true,
      "os": [
        "win32"
      ]
    },
    "node_modules/typescript": {
      "version": "5.9.3",
      "resolved": "https://registry.npmjs.org/typescript/-/typescript-5.9.3.tgz",
      "integrity": "sha512-jl1vZzPDinLr9eUt3J/t7V6FgNEw9QjvBPdysz9KfQDD41fQrC2Y4vKQdiaUpFT4bXlb1RHhLpp8wtm6M5TgSw==",
      "dev": true,
      "license": "Apache-2.0",
      "bin": {
        "tsc": "bin/tsc",
        "tsserver": "bin/tsserver"
      },
      "engines": {
        "node": ">=14.17"
      }
    },
    "node_modules/undici-types": {
      "version": "6.21.0",
      "resolved": "https://registry.npmjs.org/undici-types/-/undici-types-6.21.0.tgz",
      "integrity": "sha512-iwDZqg0QAGrg9Rav5H4n0M64c3mkR59cJ6wQp+7C4nI0gsmExaedaYLNO44eT4AtBBwjbTiGPMlt2Md0T9H9JQ==",
      "dev": true,
      "license": "MIT"
    },
    "packages/tsconfig": {
      "name": "@kleinweb/tsconfig",
      "version": "1.0.0",
      "license": "GPL-3.0-or-later",
      "devDependencies": {
        "@tsconfig/node-lts": "^22.0.2",
        "@tsconfig/node-ts": "^23.6.1",
        "@tsconfig/strictest": "^2.0.6"
      }
    }
  }
}
